
Microsoft Visual Studio Solution File, Format Version 12.00
# Visual Studio Version 16
VisualStudioVersion = 16.0.30011.22
MinimumVisualStudioVersion = 10.0.40219.1
Project("{9A19103F-16F7-4668-BE54-9A1E7A4F7556}") = "EdgeDevice.Simulator", "EdgeDevice.Simulator\EdgeDevice.Simulator.csproj", "{9154F415-4EA9-4B78-AD2C-730C39F1230B}"
EndProject
Project("{9A19103F-16F7-4668-BE54-9A1E7A4F7556}") = "CertificateAuthority.Function", "CertificateAuthority.Function\CertificateAuthority.Function.csproj", "{3EBED366-2E27-4A02-A16A-3BA66B513C67}"
EndProject
Project("{9A19103F-16F7-4668-BE54-9A1E7A4F7556}") = "RootCertificate.Setup", "RootCertificate.Setup\RootCertificate.Setup.csproj", "{1699525E-9C7E-4B6E-9F15-1936E04FC550}"
EndProject
Project("{9A19103F-16F7-4668-BE54-9A1E7A4F7556}") = "EdgeDevice.RequestCertificate", "EdgeDevice.RequestCertificate\EdgeDevice.RequestCertificate.csproj", "{1E09FFD6-E8F0-47E7-B9EF-555682FCEF3F}"
EndProject
Project("{9A19103F-16F7-4668-BE54-9A1E7A4F7556}") = "Elevator.Api", "Elevator.Api\Elevator.Api.csproj", "{1A43DC23-5411-463E-9510-FDEE252C930D}"
EndProject
Project("{9A19103F-16F7-4668-BE54-9A1E7A4F7556}") = "EventHub.Consumer", "EventHub.Consumer\EventHub.Consumer.csproj", "{280C0955-867A-407C-8EFA-E35841DF86CA}"
EndProject
Project("{FAE04EC0-301F-11D3-BF4B-00C04F79EFBC}") = "Mobile.SignalR", "Mobile.SignalR\Mobile.SignalR.csproj", "{B411A949-DE79-4287-B514-D61F62225AD5}"
EndProject
Project("{FAE04EC0-301F-11D3-BF4B-00C04F79EFBC}") = "Server.SignalR", "Server.SignalR\Server.SignalR.csproj", "{B4ED65E0-5F23-4310-ADD4-40692EE6FDA0}"
EndProject
Global
	GlobalSection(SolutionConfigurationPlatforms) = preSolution
		Debug|Any CPU = Debug|Any CPU
		Release|Any CPU = Release|Any CPU
	EndGlobalSection
	GlobalSection(ProjectConfigurationPlatforms) = postSolution
		{9154F415-4EA9-4B78-AD2C-730C39F1230B}.Debug|Any CPU.ActiveCfg = Debug|Any CPU
		{9154F415-4EA9-4B78-AD2C-730C39F1230B}.Debug|Any CPU.Build.0 = Debug|Any CPU
		{9154F415-4EA9-4B78-AD2C-730C39F1230B}.Release|Any CPU.ActiveCfg = Release|Any CPU
		{9154F415-4EA9-4B78-AD2C-730C39F1230B}.Release|Any CPU.Build.0 = Release|Any CPU
		{3EBED366-2E27-4A02-A16A-3BA66B513C67}.Debug|Any CPU.ActiveCfg = Debug|Any CPU
		{3EBED366-2E27-4A02-A16A-3BA66B513C67}.Debug|Any CPU.Build.0 = Debug|Any CPU
		{3EBED366-2E27-4A02-A16A-3BA66B513C67}.Release|Any CPU.ActiveCfg = Release|Any CPU
		{3EBED366-2E27-4A02-A16A-3BA66B513C67}.Release|Any CPU.Build.0 = Release|Any CPU
		{1699525E-9C7E-4B6E-9F15-1936E04FC550}.Debug|Any CPU.ActiveCfg = Debug|Any CPU
		{1699525E-9C7E-4B6E-9F15-1936E04FC550}.Debug|Any CPU.Build.0 = Debug|Any CPU
		{1699525E-9C7E-4B6E-9F15-1936E04FC550}.Release|Any CPU.ActiveCfg = Release|Any CPU
		{1699525E-9C7E-4B6E-9F15-1936E04FC550}.Release|Any CPU.Build.0 = Release|Any CPU
		{1E09FFD6-E8F0-47E7-B9EF-555682FCEF3F}.Debug|Any CPU.ActiveCfg = Debug|Any CPU
		{1E09FFD6-E8F0-47E7-B9EF-555682FCEF3F}.Debug|Any CPU.Build.0 = Debug|Any CPU
		{1E09FFD6-E8F0-47E7-B9EF-555682FCEF3F}.Release|Any CPU.ActiveCfg = Release|Any CPU
		{1E09FFD6-E8F0-47E7-B9EF-555682FCEF3F}.Release|Any CPU.Build.0 = Release|Any CPU
		{1A43DC23-5411-463E-9510-FDEE252C930D}.Debug|Any CPU.ActiveCfg = Debug|Any CPU
		{1A43DC23-5411-463E-9510-FDEE252C930D}.Debug|Any CPU.Build.0 = Debug|Any CPU
		{1A43DC23-5411-463E-9510-FDEE252C930D}.Release|Any CPU.ActiveCfg = Release|Any CPU
		{1A43DC23-5411-463E-9510-FDEE252C930D}.Release|Any CPU.Build.0 = Release|Any CPU
		{280C0955-867A-407C-8EFA-E35841DF86CA}.Debug|Any CPU.ActiveCfg = Debug|Any CPU
		{280C0955-867A-407C-8EFA-E35841DF86CA}.Debug|Any CPU.Build.0 = Debug|Any CPU
		{280C0955-867A-407C-8EFA-E35841DF86CA}.Release|Any CPU.ActiveCfg = Release|Any CPU
		{280C0955-867A-407C-8EFA-E35841DF86CA}.Release|Any CPU.Build.0 = Release|Any CPU
		{B411A949-DE79-4287-B514-D61F62225AD5}.Debug|Any CPU.ActiveCfg = Debug|Any CPU
		{B411A949-DE79-4287-B514-D61F62225AD5}.Debug|Any CPU.Build.0 = Debug|Any CPU
		{B411A949-DE79-4287-B514-D61F62225AD5}.Release|Any CPU.ActiveCfg = Release|Any CPU
		{B411A949-DE79-4287-B514-D61F62225AD5}.Release|Any CPU.Build.0 = Release|Any CPU
		{B4ED65E0-5F23-4310-ADD4-40692EE6FDA0}.Debug|Any CPU.ActiveCfg = Debug|Any CPU
		{B4ED65E0-5F23-4310-ADD4-40692EE6FDA0}.Debug|Any CPU.Build.0 = Debug|Any CPU
		{B4ED65E0-5F23-4310-ADD4-40692EE6FDA0}.Release|Any CPU.ActiveCfg = Release|Any CPU
		{B4ED65E0-5F23-4310-ADD4-40692EE6FDA0}.Release|Any CPU.Build.0 = Release|Any CPU
	EndGlobalSection
	GlobalSection(SolutionProperties) = preSolution
		HideSolutionNode = FALSE
	EndGlobalSection
	GlobalSection(ExtensibilityGlobals) = postSolution
		SolutionGuid = {B97EC2F0-E8DA-4A4F-8A51-DECF0AD642A9}
	EndGlobalSection
EndGlobal
